<?xml version="1.0" encoding="utf-8"?>
<Project ToolsVersion="4.0" xmlns="http://schemas.microsoft.com/developer/msbuild/2003">
  <ItemGroup>
    <Filter Include="Source Files">
      <UniqueIdentifier>{4FC737F1-C7A5-4376-A066-2A32D752A2FF}</UniqueIdentifier>
      <Extensions>cpp;c;cc;cxx;c++;cppm;ixx;def;odl;idl;hpj;bat;asm;asmx</Extensions>
    </Filter>
    <Filter Include="Header Files">
      <UniqueIdentifier>{93995380-89BD-4b04-88EB-625FBE52EBFB}</UniqueIdentifier>
      <Extensions>h;hh;hpp;hxx;h++;hm;inl;inc;ipp;xsd</Extensions>
    </Filter>
    <Filter Include="Resource Files">
      <UniqueIdentifier>{67DA6AB6-F800-4c08-8B7A-83BB121AAD01}</UniqueIdentifier>
      <Extensions>rc;ico;cur;bmp;dlg;rc2;rct;bin;rgs;gif;jpg;jpeg;jpe;resx;tiff;tif;png;wav;mfcribbon-ms</Extensions>
    </Filter>
  </ItemGroup>
  <ItemGroup>
    <ClCompile Include="src\address_bus.cpp">
      <Filter>Source Files</Filter>
    </ClCompile>
    <ClCompile Include="src\mapper\mapper1.cpp">
      <Filter>Source Files</Filter>
    </ClCompile>
    <ClCompile Include="src\mapper\mapper0.cpp">
      <Filter>Source Files</Filter>
    </ClCompile>
    <ClCompile Include="src\cpu\alu.cpp">
      <Filter>Source Files</Filter>
    </ClCompile>
    <ClCompile Include="src\cpu\cpu.cpp">
      <Filter>Source Files</Filter>
    </ClCompile>
    <ClCompile Include="src\mapper\mapper2.cpp">
      <Filter>Source Files</Filter>
    </ClCompile>
    <ClCompile Include="src\cartridge.cpp">
      <Filter>Source Files</Filter>
    </ClCompile>
    <ClCompile Include="src\irq_handler.cpp">
      <Filter>Source Files</Filter>
    </ClCompile>
    <ClCompile Include="src\ppu\object_layer.cpp">
      <Filter>Source Files</Filter>
    </ClCompile>
    <ClCompile Include="src\ppu\tile.cpp">
      <Filter>Source Files</Filter>
    </ClCompile>
    <ClCompile Include="src\timers.cpp">
      <Filter>Source Files</Filter>
    </ClCompile>
    <ClCompile Include="src\ppu\ppu.cpp">
      <Filter>Source Files</Filter>
    </ClCompile>
    <ClCompile Include="src\sdl_lcd.cpp">
      <Filter>Source Files</Filter>
    </ClCompile>
    <ClCompile Include="src\game_boy.cpp">
      <Filter>Source Files</Filter>
    </ClCompile>
    <ClCompile Include="src\main.cpp">
      <Filter>Source Files</Filter>
    </ClCompile>
  </ItemGroup>
  <ItemGroup>
    <ClInclude Include="src\utils.h">
      <Filter>Header Files</Filter>
    </ClInclude>
    <ClInclude Include="src\timer.h">
      <Filter>Header Files</Filter>
    </ClInclude>
    <ClInclude Include="src\address_bus.h">
      <Filter>Header Files</Filter>
    </ClInclude>
    <ClInclude Include="src\mapper\mapper1.h">
      <Filter>Header Files</Filter>
    </ClInclude>
    <ClInclude Include="src\mapper\mapper0.h">
      <Filter>Header Files</Filter>
    </ClInclude>
    <ClInclude Include="src\cpu\alu.h">
      <Filter>Header Files</Filter>
    </ClInclude>
    <ClInclude Include="src\cpu\cpu.h">
      <Filter>Header Files</Filter>
    </ClInclude>
    <ClInclude Include="src\cpu\flags.h">
      <Filter>Header Files</Filter>
    </ClInclude>
    <ClInclude Include="src\mapper\mapper2.h">
      <Filter>Header Files</Filter>
    </ClInclude>
    <ClInclude Include="src\cartridge.h">
      <Filter>Header Files</Filter>
    </ClInclude>
    <ClInclude Include="src\game_boy.h">
      <Filter>Header Files</Filter>
    </ClInclude>
    <ClInclude Include="src\irq_handler.h">
      <Filter>Header Files</Filter>
    </ClInclude>
    <ClInclude Include="src\ppu\object_layer.h">
      <Filter>Header Files</Filter>
    </ClInclude>
    <ClInclude Include="src\ppu\tile.h">
      <Filter>Header Files</Filter>
    </ClInclude>
    <ClInclude Include="src\ppu\lcd.h">
      <Filter>Header Files</Filter>
    </ClInclude>
    <ClInclude Include="src\timers.h">
      <Filter>Header Files</Filter>
    </ClInclude>
    <ClInclude Include="src\ppu\ppu.h">
      <Filter>Header Files</Filter>
    </ClInclude>
    <ClInclude Include="src\sdl_lcd.h">
      <Filter>Header Files</Filter>
    </ClInclude>
  </ItemGroup>
</Project>